
Microsoft Visual Studio Solution File, Format Version 12.00
# Visual Studio 14
VisualStudioVersion = 14.0.25420.1
MinimumVisualStudioVersion = 10.0.40219.1
Project("{FAE04EC0-301F-11D3-BF4B-00C04F79EFBC}") = "VkEngine.TestHarness", "VkEngine.TestHarness\VkEngine.TestHarness.csproj", "{5F78509B-6E6F-4AF3-A2FC-ADDD93F8B5AB}"
EndProject
Project("{FAE04EC0-301F-11D3-BF4B-00C04F79EFBC}") = "VkEngine.Core", "..\VkEngine.Core\VkEngine.Core.csproj", "{0F0FED93-A5D9-44AB-816B-1BB39971B85B}"
EndProject
Global
	GlobalSection(SolutionConfigurationPlatforms) = preSolution
		Debug|Any CPU = Debug|Any CPU
		Release|Any CPU = Release|Any CPU
	EndGlobalSection
	GlobalSection(ProjectConfigurationPlatforms) = postSolution
		{5F78509B-6E6F-4AF3-A2FC-ADDD93F8B5AB}.Debug|Any CPU.ActiveCfg = Debug|Any CPU
		{5F78509B-6E6F-4AF3-A2FC-ADDD93F8B5AB}.Debug|Any CPU.Build.0 = Debug|Any CPU
		{5F78509B-6E6F-4AF3-A2FC-ADDD93F8B5AB}.Release|Any CPU.ActiveCfg = Release|Any CPU
		{5F78509B-6E6F-4AF3-A2FC-ADDD93F8B5AB}.Release|Any CPU.Build.0 = Release|Any CPU
		{0F0FED93-A5D9-44AB-816B-1BB39971B85B}.Debug|Any CPU.ActiveCfg = Debug|Any CPU
		{0F0FED93-A5D9-44AB-816B-1BB39971B85B}.Debug|Any CPU.Build.0 = Debug|Any CPU
		{0F0FED93-A5D9-44AB-816B-1BB39971B85B}.Release|Any CPU.ActiveCfg = Release|Any CPU
		{0F0FED93-A5D9-44AB-816B-1BB39971B85B}.Release|Any CPU.Build.0 = Release|Any CPU
	EndGlobalSection
	GlobalSection(SolutionProperties) = preSolution
		HideSolutionNode = FALSE
	EndGlobalSection
EndGlobal
